
Microsoft Visual Studio Solution File, Format Version 12.00
# Visual Studio Version 17
VisualStudioVersion = 17.4.33122.133
MinimumVisualStudioVersion = 10.0.40219.1
Project("{FAE04EC0-301F-11D3-BF4B-00C04F79EFBC}") = "Task_2_2", "Task_2_2\Task_2_2.csproj", "{42E07922-E522-4A81-93DE-144F4D46D4AD}"
EndProject
Global
	GlobalSection(SolutionConfigurationPlatforms) = preSolution
		Debug|Any CPU = Debug|Any CPU
		Release|Any CPU = Release|Any CPU
	EndGlobalSection
	GlobalSection(ProjectConfigurationPlatforms) = postSolution
		{42E07922-E522-4A81-93DE-144F4D46D4AD}.Debug|Any CPU.ActiveCfg = Debug|Any CPU
		{42E07922-E522-4A81-93DE-144F4D46D4AD}.Debug|Any CPU.Build.0 = Debug|Any CPU
		{42E07922-E522-4A81-93DE-144F4D46D4AD}.Release|Any CPU.ActiveCfg = Release|Any CPU
		{42E07922-E522-4A81-93DE-144F4D46D4AD}.Release|Any CPU.Build.0 = Release|Any CPU
	EndGlobalSection
	GlobalSection(SolutionProperties) = preSolution
		HideSolutionNode = FALSE
	EndGlobalSection
	GlobalSection(ExtensibilityGlobals) = postSolution
		SolutionGuid = {CC468365-3F1E-44FA-9D17-D0C7FE2E3FED}
	EndGlobalSection
EndGlobal
