
Microsoft Visual Studio Solution File, Format Version 12.00
# Visual Studio Version 17
VisualStudioVersion = 17.4.33122.133
MinimumVisualStudioVersion = 10.0.40219.1
Project("{FAE04EC0-301F-11D3-BF4B-00C04F79EFBC}") = "7_2_New", "7_2_New\7_2_New.csproj", "{D66021AD-0C97-452B-B987-0D52A9EA0490}"
EndProject
Global
	GlobalSection(SolutionConfigurationPlatforms) = preSolution
		Debug|Any CPU = Debug|Any CPU
		Release|Any CPU = Release|Any CPU
	EndGlobalSection
	GlobalSection(ProjectConfigurationPlatforms) = postSolution
		{D66021AD-0C97-452B-B987-0D52A9EA0490}.Debug|Any CPU.ActiveCfg = Debug|Any CPU
		{D66021AD-0C97-452B-B987-0D52A9EA0490}.Debug|Any CPU.Build.0 = Debug|Any CPU
		{D66021AD-0C97-452B-B987-0D52A9EA0490}.Release|Any CPU.ActiveCfg = Release|Any CPU
		{D66021AD-0C97-452B-B987-0D52A9EA0490}.Release|Any CPU.Build.0 = Release|Any CPU
	EndGlobalSection
	GlobalSection(SolutionProperties) = preSolution
		HideSolutionNode = FALSE
	EndGlobalSection
	GlobalSection(ExtensibilityGlobals) = postSolution
		SolutionGuid = {76479065-17CC-49D1-B11E-043001CAF8FA}
	EndGlobalSection
EndGlobal
