
Microsoft Visual Studio Solution File, Format Version 12.00
# Visual Studio Version 17
VisualStudioVersion = 17.4.33122.133
MinimumVisualStudioVersion = 10.0.40219.1
Project("{FAE04EC0-301F-11D3-BF4B-00C04F79EFBC}") = "Task_7_2", "Task_7_2\Task_7_2.csproj", "{CBDC6F96-DD75-4707-9F0A-72DFF137EF79}"
EndProject
Global
	GlobalSection(SolutionConfigurationPlatforms) = preSolution
		Debug|Any CPU = Debug|Any CPU
		Release|Any CPU = Release|Any CPU
	EndGlobalSection
	GlobalSection(ProjectConfigurationPlatforms) = postSolution
		{CBDC6F96-DD75-4707-9F0A-72DFF137EF79}.Debug|Any CPU.ActiveCfg = Debug|Any CPU
		{CBDC6F96-DD75-4707-9F0A-72DFF137EF79}.Debug|Any CPU.Build.0 = Debug|Any CPU
		{CBDC6F96-DD75-4707-9F0A-72DFF137EF79}.Release|Any CPU.ActiveCfg = Release|Any CPU
		{CBDC6F96-DD75-4707-9F0A-72DFF137EF79}.Release|Any CPU.Build.0 = Release|Any CPU
	EndGlobalSection
	GlobalSection(SolutionProperties) = preSolution
		HideSolutionNode = FALSE
	EndGlobalSection
	GlobalSection(ExtensibilityGlobals) = postSolution
		SolutionGuid = {4E5BEB61-6D63-4349-881A-A9A2C256E52D}
	EndGlobalSection
EndGlobal
