
Microsoft Visual Studio Solution File, Format Version 12.00
# Visual Studio Version 17
VisualStudioVersion = 17.4.33122.133
MinimumVisualStudioVersion = 10.0.40219.1
Project("{FAE04EC0-301F-11D3-BF4B-00C04F79EFBC}") = "7_2_Mvc", "7_2_Mvc\7_2_Mvc.csproj", "{92CCC28C-F119-4C78-A15D-F3AE3D2C77C8}"
EndProject
Global
	GlobalSection(SolutionConfigurationPlatforms) = preSolution
		Debug|Any CPU = Debug|Any CPU
		Release|Any CPU = Release|Any CPU
	EndGlobalSection
	GlobalSection(ProjectConfigurationPlatforms) = postSolution
		{92CCC28C-F119-4C78-A15D-F3AE3D2C77C8}.Debug|Any CPU.ActiveCfg = Debug|Any CPU
		{92CCC28C-F119-4C78-A15D-F3AE3D2C77C8}.Debug|Any CPU.Build.0 = Debug|Any CPU
		{92CCC28C-F119-4C78-A15D-F3AE3D2C77C8}.Release|Any CPU.ActiveCfg = Release|Any CPU
		{92CCC28C-F119-4C78-A15D-F3AE3D2C77C8}.Release|Any CPU.Build.0 = Release|Any CPU
	EndGlobalSection
	GlobalSection(SolutionProperties) = preSolution
		HideSolutionNode = FALSE
	EndGlobalSection
	GlobalSection(ExtensibilityGlobals) = postSolution
		SolutionGuid = {8C295BCD-7804-45CB-97D3-BF2FD22CAFAB}
	EndGlobalSection
EndGlobal
