
Microsoft Visual Studio Solution File, Format Version 12.00
# Visual Studio Version 17
VisualStudioVersion = 17.4.33122.133
MinimumVisualStudioVersion = 10.0.40219.1
Project("{FAE04EC0-301F-11D3-BF4B-00C04F79EFBC}") = "prepare2_13_2", "prepare2_13_2\prepare2_13_2.csproj", "{292AE48D-97B3-42FE-B744-750F37349C6E}"
EndProject
Global
	GlobalSection(SolutionConfigurationPlatforms) = preSolution
		Debug|Any CPU = Debug|Any CPU
		Release|Any CPU = Release|Any CPU
	EndGlobalSection
	GlobalSection(ProjectConfigurationPlatforms) = postSolution
		{292AE48D-97B3-42FE-B744-750F37349C6E}.Debug|Any CPU.ActiveCfg = Debug|Any CPU
		{292AE48D-97B3-42FE-B744-750F37349C6E}.Debug|Any CPU.Build.0 = Debug|Any CPU
		{292AE48D-97B3-42FE-B744-750F37349C6E}.Release|Any CPU.ActiveCfg = Release|Any CPU
		{292AE48D-97B3-42FE-B744-750F37349C6E}.Release|Any CPU.Build.0 = Release|Any CPU
	EndGlobalSection
	GlobalSection(SolutionProperties) = preSolution
		HideSolutionNode = FALSE
	EndGlobalSection
	GlobalSection(ExtensibilityGlobals) = postSolution
		SolutionGuid = {BC66A045-B410-4872-9EBD-2FDA5AE29030}
	EndGlobalSection
EndGlobal
